
Microsoft Visual Studio Solution File, Format Version 12.00
# Visual Studio Version 17
VisualStudioVersion = 17.11.35312.102
MinimumVisualStudioVersion = 10.0.40219.1
Project("{FAE04EC0-301F-11D3-BF4B-00C04F79EFBC}") = "01_MainSubjects", "01_variables\01_MainSubjects.csproj", "{83C09085-6E0F-4E83-883C-192141085754}"
EndProject
Project("{FAE04EC0-301F-11D3-BF4B-00C04F79EFBC}") = "02_variables", "02_variables\02_variables.csproj", "{487A354F-F938-4DBF-B435-224CFC5AC476}"
EndProject
Global
	GlobalSection(SolutionConfigurationPlatforms) = preSolution
		Debug|Any CPU = Debug|Any CPU
		Release|Any CPU = Release|Any CPU
	EndGlobalSection
	GlobalSection(ProjectConfigurationPlatforms) = postSolution
		{83C09085-6E0F-4E83-883C-192141085754}.Debug|Any CPU.ActiveCfg = Debug|Any CPU
		{83C09085-6E0F-4E83-883C-192141085754}.Debug|Any CPU.Build.0 = Debug|Any CPU
		{83C09085-6E0F-4E83-883C-192141085754}.Release|Any CPU.ActiveCfg = Release|Any CPU
		{83C09085-6E0F-4E83-883C-192141085754}.Release|Any CPU.Build.0 = Release|Any CPU
		{487A354F-F938-4DBF-B435-224CFC5AC476}.Debug|Any CPU.ActiveCfg = Debug|Any CPU
		{487A354F-F938-4DBF-B435-224CFC5AC476}.Debug|Any CPU.Build.0 = Debug|Any CPU
		{487A354F-F938-4DBF-B435-224CFC5AC476}.Release|Any CPU.ActiveCfg = Release|Any CPU
		{487A354F-F938-4DBF-B435-224CFC5AC476}.Release|Any CPU.Build.0 = Release|Any CPU
	EndGlobalSection
	GlobalSection(SolutionProperties) = preSolution
		HideSolutionNode = FALSE
	EndGlobalSection
	GlobalSection(ExtensibilityGlobals) = postSolution
		SolutionGuid = {E19F7435-EE0C-4CC9-B83B-407EFBA1D21B}
	EndGlobalSection
EndGlobal
